
Microsoft Visual Studio Solution File, Format Version 12.00
# Visual Studio 14
VisualStudioVersion = 14.0.23107.0
MinimumVisualStudioVersion = 10.0.40219.1
Project("{2150E333-8FDC-42A3-9474-1A3956D46DE8}") = "Tests", "Tests", "{266897A5-FCE3-4295-9E0C-EFB7C99CA5B4}"
EndProject
Project("{FAE04EC0-301F-11D3-BF4B-00C04F79EFBC}") = "sc823.Data", "sc823.Data\sc823.Data.csproj", "{CDC1212E-B87C-47BF-A186-7D43A1633D14}"
EndProject
Project("{FAE04EC0-301F-11D3-BF4B-00C04F79EFBC}") = "sc823.Custom", "sc823.Custom\sc823.Custom.csproj", "{68901080-AB65-43BE-8990-AD294A0F4F60}"
EndProject
Project("{FAE04EC0-301F-11D3-BF4B-00C04F79EFBC}") = "sc823.Web", "sc823.Web\sc823.Web.csproj", "{524443F8-0D64-4FE5-80D7-71BE01AA8670}"
EndProject
Project("{CAA73BB0-EF22-4D79-A57E-DF67B3BA9C80}") = "sc823.TDS.Core", "sc823.TDS.Core\sc823.TDS.Core.scproj", "{9AF7272E-5DCA-4260-B9BD-9318BA04A6DD}"
EndProject
Project("{CAA73BB0-EF22-4D79-A57E-DF67B3BA9C80}") = "sc823.TDS.Master", "sc823.TDS.Master\sc823.TDS.Master.scproj", "{B77AF57E-83A9-4131-A042-340137398782}"
	ProjectSection(ProjectDependencies) = postProject
		{9AF7272E-5DCA-4260-B9BD-9318BA04A6DD} = {9AF7272E-5DCA-4260-B9BD-9318BA04A6DD}
	EndProjectSection
EndProject
Project("{CAA73BB0-EF22-4D79-A57E-DF67B3BA9C80}") = "sc823.TDS.Master.Content", "sc823.TDS.Master.Content\sc823.TDS.Master.Content.scproj", "{F4BA644D-CB03-4818-81D1-28CAC4FFD331}"
	ProjectSection(ProjectDependencies) = postProject
		{B77AF57E-83A9-4131-A042-340137398782} = {B77AF57E-83A9-4131-A042-340137398782}
		{9AF7272E-5DCA-4260-B9BD-9318BA04A6DD} = {9AF7272E-5DCA-4260-B9BD-9318BA04A6DD}
	EndProjectSection
EndProject
Project("{FAE04EC0-301F-11D3-BF4B-00C04F79EFBC}") = "sc823.Environments", "sc823.Environments\sc823.Environments.csproj", "{4F420EA8-103A-43E0-96F1-04F618235118}"
EndProject
Project("{FAE04EC0-301F-11D3-BF4B-00C04F79EFBC}") = "sc823.Data.Tests", "sc823.Data.Tests\sc823.Data.Tests.csproj", "{D175C4FF-51AC-4622-A11F-3115F56F67B4}"
EndProject
Project("{FAE04EC0-301F-11D3-BF4B-00C04F79EFBC}") = "sc823.Custom.Tests", "sc823.Custom.Tests\sc823.Custom.Tests.csproj", "{1B34EE98-808B-4420-92C6-6F0FD5DDCCA2}"
EndProject
Global
	GlobalSection(SolutionConfigurationPlatforms) = preSolution
		CI|Any CPU = CI|Any CPU
		Debug|Any CPU = Debug|Any CPU
		INT-Single|Any CPU = INT-Single|Any CPU
		PROD-CD|Any CPU = PROD-CD|Any CPU
		PROD-CM|Any CPU = PROD-CM|Any CPU
		PROD-Single|Any CPU = PROD-Single|Any CPU
		QA-Single|Any CPU = QA-Single|Any CPU
		Release|Any CPU = Release|Any CPU
		Sandbox|Any CPU = Sandbox|Any CPU
	EndGlobalSection
	GlobalSection(ProjectConfigurationPlatforms) = postSolution
		{CDC1212E-B87C-47BF-A186-7D43A1633D14}.CI|Any CPU.ActiveCfg = CI|Any CPU
		{CDC1212E-B87C-47BF-A186-7D43A1633D14}.CI|Any CPU.Build.0 = CI|Any CPU
		{CDC1212E-B87C-47BF-A186-7D43A1633D14}.Debug|Any CPU.ActiveCfg = Sandbox|Any CPU
		{CDC1212E-B87C-47BF-A186-7D43A1633D14}.Debug|Any CPU.Build.0 = Sandbox|Any CPU
		{CDC1212E-B87C-47BF-A186-7D43A1633D14}.INT-Single|Any CPU.ActiveCfg = INT-Single|Any CPU
		{CDC1212E-B87C-47BF-A186-7D43A1633D14}.INT-Single|Any CPU.Build.0 = INT-Single|Any CPU
		{CDC1212E-B87C-47BF-A186-7D43A1633D14}.PROD-CD|Any CPU.ActiveCfg = PROD-CD|Any CPU
		{CDC1212E-B87C-47BF-A186-7D43A1633D14}.PROD-CD|Any CPU.Build.0 = PROD-CD|Any CPU
		{CDC1212E-B87C-47BF-A186-7D43A1633D14}.PROD-CM|Any CPU.ActiveCfg = PROD-CM|Any CPU
		{CDC1212E-B87C-47BF-A186-7D43A1633D14}.PROD-CM|Any CPU.Build.0 = PROD-CM|Any CPU
		{CDC1212E-B87C-47BF-A186-7D43A1633D14}.PROD-Single|Any CPU.ActiveCfg = PROD-Single|Any CPU
		{CDC1212E-B87C-47BF-A186-7D43A1633D14}.PROD-Single|Any CPU.Build.0 = PROD-Single|Any CPU
		{CDC1212E-B87C-47BF-A186-7D43A1633D14}.QA-Single|Any CPU.ActiveCfg = QA-Single|Any CPU
		{CDC1212E-B87C-47BF-A186-7D43A1633D14}.QA-Single|Any CPU.Build.0 = QA-Single|Any CPU
		{CDC1212E-B87C-47BF-A186-7D43A1633D14}.Release|Any CPU.ActiveCfg = PROD-Single|Any CPU
		{CDC1212E-B87C-47BF-A186-7D43A1633D14}.Release|Any CPU.Build.0 = PROD-Single|Any CPU
		{CDC1212E-B87C-47BF-A186-7D43A1633D14}.Sandbox|Any CPU.ActiveCfg = Sandbox|Any CPU
		{CDC1212E-B87C-47BF-A186-7D43A1633D14}.Sandbox|Any CPU.Build.0 = Sandbox|Any CPU
		{68901080-AB65-43BE-8990-AD294A0F4F60}.CI|Any CPU.ActiveCfg = CI|Any CPU
		{68901080-AB65-43BE-8990-AD294A0F4F60}.CI|Any CPU.Build.0 = CI|Any CPU
		{68901080-AB65-43BE-8990-AD294A0F4F60}.Debug|Any CPU.ActiveCfg = Sandbox|Any CPU
		{68901080-AB65-43BE-8990-AD294A0F4F60}.Debug|Any CPU.Build.0 = Sandbox|Any CPU
		{68901080-AB65-43BE-8990-AD294A0F4F60}.INT-Single|Any CPU.ActiveCfg = INT-Single|Any CPU
		{68901080-AB65-43BE-8990-AD294A0F4F60}.INT-Single|Any CPU.Build.0 = INT-Single|Any CPU
		{68901080-AB65-43BE-8990-AD294A0F4F60}.PROD-CD|Any CPU.ActiveCfg = PROD-CD|Any CPU
		{68901080-AB65-43BE-8990-AD294A0F4F60}.PROD-CD|Any CPU.Build.0 = PROD-CD|Any CPU
		{68901080-AB65-43BE-8990-AD294A0F4F60}.PROD-CM|Any CPU.ActiveCfg = PROD-CM|Any CPU
		{68901080-AB65-43BE-8990-AD294A0F4F60}.PROD-CM|Any CPU.Build.0 = PROD-CM|Any CPU
		{68901080-AB65-43BE-8990-AD294A0F4F60}.PROD-Single|Any CPU.ActiveCfg = PROD-Single|Any CPU
		{68901080-AB65-43BE-8990-AD294A0F4F60}.PROD-Single|Any CPU.Build.0 = PROD-Single|Any CPU
		{68901080-AB65-43BE-8990-AD294A0F4F60}.QA-Single|Any CPU.ActiveCfg = QA-Single|Any CPU
		{68901080-AB65-43BE-8990-AD294A0F4F60}.QA-Single|Any CPU.Build.0 = QA-Single|Any CPU
		{68901080-AB65-43BE-8990-AD294A0F4F60}.Release|Any CPU.ActiveCfg = PROD-Single|Any CPU
		{68901080-AB65-43BE-8990-AD294A0F4F60}.Release|Any CPU.Build.0 = PROD-Single|Any CPU
		{68901080-AB65-43BE-8990-AD294A0F4F60}.Sandbox|Any CPU.ActiveCfg = Sandbox|Any CPU
		{68901080-AB65-43BE-8990-AD294A0F4F60}.Sandbox|Any CPU.Build.0 = Sandbox|Any CPU
		{524443F8-0D64-4FE5-80D7-71BE01AA8670}.CI|Any CPU.ActiveCfg = CI|Any CPU
		{524443F8-0D64-4FE5-80D7-71BE01AA8670}.CI|Any CPU.Build.0 = CI|Any CPU
		{524443F8-0D64-4FE5-80D7-71BE01AA8670}.Debug|Any CPU.ActiveCfg = Sandbox|Any CPU
		{524443F8-0D64-4FE5-80D7-71BE01AA8670}.Debug|Any CPU.Build.0 = Sandbox|Any CPU
		{524443F8-0D64-4FE5-80D7-71BE01AA8670}.INT-Single|Any CPU.ActiveCfg = INT-Single|Any CPU
		{524443F8-0D64-4FE5-80D7-71BE01AA8670}.INT-Single|Any CPU.Build.0 = INT-Single|Any CPU
		{524443F8-0D64-4FE5-80D7-71BE01AA8670}.PROD-CD|Any CPU.ActiveCfg = PROD-CD|Any CPU
		{524443F8-0D64-4FE5-80D7-71BE01AA8670}.PROD-CD|Any CPU.Build.0 = PROD-CD|Any CPU
		{524443F8-0D64-4FE5-80D7-71BE01AA8670}.PROD-CM|Any CPU.ActiveCfg = PROD-CM|Any CPU
		{524443F8-0D64-4FE5-80D7-71BE01AA8670}.PROD-CM|Any CPU.Build.0 = PROD-CM|Any CPU
		{524443F8-0D64-4FE5-80D7-71BE01AA8670}.PROD-Single|Any CPU.ActiveCfg = PROD-Single|Any CPU
		{524443F8-0D64-4FE5-80D7-71BE01AA8670}.PROD-Single|Any CPU.Build.0 = PROD-Single|Any CPU
		{524443F8-0D64-4FE5-80D7-71BE01AA8670}.QA-Single|Any CPU.ActiveCfg = QA-Single|Any CPU
		{524443F8-0D64-4FE5-80D7-71BE01AA8670}.QA-Single|Any CPU.Build.0 = QA-Single|Any CPU
		{524443F8-0D64-4FE5-80D7-71BE01AA8670}.Release|Any CPU.ActiveCfg = PROD-Single|Any CPU
		{524443F8-0D64-4FE5-80D7-71BE01AA8670}.Release|Any CPU.Build.0 = PROD-Single|Any CPU
		{524443F8-0D64-4FE5-80D7-71BE01AA8670}.Sandbox|Any CPU.ActiveCfg = Sandbox|Any CPU
		{524443F8-0D64-4FE5-80D7-71BE01AA8670}.Sandbox|Any CPU.Build.0 = Sandbox|Any CPU
		{9AF7272E-5DCA-4260-B9BD-9318BA04A6DD}.CI|Any CPU.ActiveCfg = CI|Any CPU
		{9AF7272E-5DCA-4260-B9BD-9318BA04A6DD}.CI|Any CPU.Build.0 = CI|Any CPU
		{9AF7272E-5DCA-4260-B9BD-9318BA04A6DD}.Debug|Any CPU.ActiveCfg = Sandbox|Any CPU
		{9AF7272E-5DCA-4260-B9BD-9318BA04A6DD}.Debug|Any CPU.Build.0 = Sandbox|Any CPU
		{9AF7272E-5DCA-4260-B9BD-9318BA04A6DD}.Debug|Any CPU.Deploy.0 = Sandbox|Any CPU
		{9AF7272E-5DCA-4260-B9BD-9318BA04A6DD}.INT-Single|Any CPU.ActiveCfg = INT-Single|Any CPU
		{9AF7272E-5DCA-4260-B9BD-9318BA04A6DD}.INT-Single|Any CPU.Build.0 = INT-Single|Any CPU
		{9AF7272E-5DCA-4260-B9BD-9318BA04A6DD}.PROD-CD|Any CPU.ActiveCfg = PROD-CD|Any CPU
		{9AF7272E-5DCA-4260-B9BD-9318BA04A6DD}.PROD-CD|Any CPU.Build.0 = PROD-CD|Any CPU
		{9AF7272E-5DCA-4260-B9BD-9318BA04A6DD}.PROD-CM|Any CPU.ActiveCfg = PROD-CM|Any CPU
		{9AF7272E-5DCA-4260-B9BD-9318BA04A6DD}.PROD-CM|Any CPU.Build.0 = PROD-CM|Any CPU
		{9AF7272E-5DCA-4260-B9BD-9318BA04A6DD}.PROD-Single|Any CPU.ActiveCfg = PROD-Single|Any CPU
		{9AF7272E-5DCA-4260-B9BD-9318BA04A6DD}.PROD-Single|Any CPU.Build.0 = PROD-Single|Any CPU
		{9AF7272E-5DCA-4260-B9BD-9318BA04A6DD}.QA-Single|Any CPU.ActiveCfg = QA-Single|Any CPU
		{9AF7272E-5DCA-4260-B9BD-9318BA04A6DD}.QA-Single|Any CPU.Build.0 = QA-Single|Any CPU
		{9AF7272E-5DCA-4260-B9BD-9318BA04A6DD}.Release|Any CPU.ActiveCfg = PROD-Single|Any CPU
		{9AF7272E-5DCA-4260-B9BD-9318BA04A6DD}.Release|Any CPU.Build.0 = PROD-Single|Any CPU
		{9AF7272E-5DCA-4260-B9BD-9318BA04A6DD}.Sandbox|Any CPU.ActiveCfg = Sandbox|Any CPU
		{9AF7272E-5DCA-4260-B9BD-9318BA04A6DD}.Sandbox|Any CPU.Build.0 = Sandbox|Any CPU
		{9AF7272E-5DCA-4260-B9BD-9318BA04A6DD}.Sandbox|Any CPU.Deploy.0 = Sandbox|Any CPU
		{B77AF57E-83A9-4131-A042-340137398782}.CI|Any CPU.ActiveCfg = CI|Any CPU
		{B77AF57E-83A9-4131-A042-340137398782}.CI|Any CPU.Build.0 = CI|Any CPU
		{B77AF57E-83A9-4131-A042-340137398782}.Debug|Any CPU.ActiveCfg = Sandbox|Any CPU
		{B77AF57E-83A9-4131-A042-340137398782}.Debug|Any CPU.Build.0 = Sandbox|Any CPU
		{B77AF57E-83A9-4131-A042-340137398782}.Debug|Any CPU.Deploy.0 = Sandbox|Any CPU
		{B77AF57E-83A9-4131-A042-340137398782}.INT-Single|Any CPU.ActiveCfg = INT-Single|Any CPU
		{B77AF57E-83A9-4131-A042-340137398782}.INT-Single|Any CPU.Build.0 = INT-Single|Any CPU
		{B77AF57E-83A9-4131-A042-340137398782}.PROD-CD|Any CPU.ActiveCfg = PROD-CD|Any CPU
		{B77AF57E-83A9-4131-A042-340137398782}.PROD-CD|Any CPU.Build.0 = PROD-CD|Any CPU
		{B77AF57E-83A9-4131-A042-340137398782}.PROD-CM|Any CPU.ActiveCfg = PROD-CM|Any CPU
		{B77AF57E-83A9-4131-A042-340137398782}.PROD-CM|Any CPU.Build.0 = PROD-CM|Any CPU
		{B77AF57E-83A9-4131-A042-340137398782}.PROD-Single|Any CPU.ActiveCfg = PROD-Single|Any CPU
		{B77AF57E-83A9-4131-A042-340137398782}.PROD-Single|Any CPU.Build.0 = PROD-Single|Any CPU
		{B77AF57E-83A9-4131-A042-340137398782}.QA-Single|Any CPU.ActiveCfg = QA-Single|Any CPU
		{B77AF57E-83A9-4131-A042-340137398782}.QA-Single|Any CPU.Build.0 = QA-Single|Any CPU
		{B77AF57E-83A9-4131-A042-340137398782}.Release|Any CPU.ActiveCfg = PROD-Single|Any CPU
		{B77AF57E-83A9-4131-A042-340137398782}.Release|Any CPU.Build.0 = PROD-Single|Any CPU
		{B77AF57E-83A9-4131-A042-340137398782}.Sandbox|Any CPU.ActiveCfg = Sandbox|Any CPU
		{B77AF57E-83A9-4131-A042-340137398782}.Sandbox|Any CPU.Build.0 = Sandbox|Any CPU
		{B77AF57E-83A9-4131-A042-340137398782}.Sandbox|Any CPU.Deploy.0 = Sandbox|Any CPU
		{F4BA644D-CB03-4818-81D1-28CAC4FFD331}.CI|Any CPU.ActiveCfg = CI|Any CPU
		{F4BA644D-CB03-4818-81D1-28CAC4FFD331}.CI|Any CPU.Build.0 = CI|Any CPU
		{F4BA644D-CB03-4818-81D1-28CAC4FFD331}.Debug|Any CPU.ActiveCfg = Sandbox|Any CPU
		{F4BA644D-CB03-4818-81D1-28CAC4FFD331}.Debug|Any CPU.Build.0 = Sandbox|Any CPU
		{F4BA644D-CB03-4818-81D1-28CAC4FFD331}.Debug|Any CPU.Deploy.0 = Sandbox|Any CPU
		{F4BA644D-CB03-4818-81D1-28CAC4FFD331}.INT-Single|Any CPU.ActiveCfg = INT-Single|Any CPU
		{F4BA644D-CB03-4818-81D1-28CAC4FFD331}.INT-Single|Any CPU.Build.0 = INT-Single|Any CPU
		{F4BA644D-CB03-4818-81D1-28CAC4FFD331}.PROD-CD|Any CPU.ActiveCfg = PROD-CD|Any CPU
		{F4BA644D-CB03-4818-81D1-28CAC4FFD331}.PROD-CD|Any CPU.Build.0 = PROD-CD|Any CPU
		{F4BA644D-CB03-4818-81D1-28CAC4FFD331}.PROD-CM|Any CPU.ActiveCfg = PROD-CM|Any CPU
		{F4BA644D-CB03-4818-81D1-28CAC4FFD331}.PROD-CM|Any CPU.Build.0 = PROD-CM|Any CPU
		{F4BA644D-CB03-4818-81D1-28CAC4FFD331}.PROD-Single|Any CPU.ActiveCfg = PROD-Single|Any CPU
		{F4BA644D-CB03-4818-81D1-28CAC4FFD331}.PROD-Single|Any CPU.Build.0 = PROD-Single|Any CPU
		{F4BA644D-CB03-4818-81D1-28CAC4FFD331}.QA-Single|Any CPU.ActiveCfg = QA-Single|Any CPU
		{F4BA644D-CB03-4818-81D1-28CAC4FFD331}.QA-Single|Any CPU.Build.0 = QA-Single|Any CPU
		{F4BA644D-CB03-4818-81D1-28CAC4FFD331}.Release|Any CPU.ActiveCfg = PROD-Single|Any CPU
		{F4BA644D-CB03-4818-81D1-28CAC4FFD331}.Release|Any CPU.Build.0 = PROD-Single|Any CPU
		{F4BA644D-CB03-4818-81D1-28CAC4FFD331}.Sandbox|Any CPU.ActiveCfg = Sandbox|Any CPU
		{F4BA644D-CB03-4818-81D1-28CAC4FFD331}.Sandbox|Any CPU.Build.0 = Sandbox|Any CPU
		{F4BA644D-CB03-4818-81D1-28CAC4FFD331}.Sandbox|Any CPU.Deploy.0 = Sandbox|Any CPU
		{4F420EA8-103A-43E0-96F1-04F618235118}.CI|Any CPU.ActiveCfg = CI|Any CPU
		{4F420EA8-103A-43E0-96F1-04F618235118}.CI|Any CPU.Build.0 = CI|Any CPU
		{4F420EA8-103A-43E0-96F1-04F618235118}.Debug|Any CPU.ActiveCfg = Sandbox|Any CPU
		{4F420EA8-103A-43E0-96F1-04F618235118}.Debug|Any CPU.Build.0 = Sandbox|Any CPU
		{4F420EA8-103A-43E0-96F1-04F618235118}.INT-Single|Any CPU.ActiveCfg = INT-Single|Any CPU
		{4F420EA8-103A-43E0-96F1-04F618235118}.INT-Single|Any CPU.Build.0 = INT-Single|Any CPU
		{4F420EA8-103A-43E0-96F1-04F618235118}.PROD-CD|Any CPU.ActiveCfg = PROD-CD|Any CPU
		{4F420EA8-103A-43E0-96F1-04F618235118}.PROD-CD|Any CPU.Build.0 = PROD-CD|Any CPU
		{4F420EA8-103A-43E0-96F1-04F618235118}.PROD-CM|Any CPU.ActiveCfg = PROD-CM|Any CPU
		{4F420EA8-103A-43E0-96F1-04F618235118}.PROD-CM|Any CPU.Build.0 = PROD-CM|Any CPU
		{4F420EA8-103A-43E0-96F1-04F618235118}.PROD-Single|Any CPU.ActiveCfg = PROD-Single|Any CPU
		{4F420EA8-103A-43E0-96F1-04F618235118}.PROD-Single|Any CPU.Build.0 = PROD-Single|Any CPU
		{4F420EA8-103A-43E0-96F1-04F618235118}.QA-Single|Any CPU.ActiveCfg = QA-Single|Any CPU
		{4F420EA8-103A-43E0-96F1-04F618235118}.QA-Single|Any CPU.Build.0 = QA-Single|Any CPU
		{4F420EA8-103A-43E0-96F1-04F618235118}.Release|Any CPU.ActiveCfg = PROD-Single|Any CPU
		{4F420EA8-103A-43E0-96F1-04F618235118}.Release|Any CPU.Build.0 = PROD-Single|Any CPU
		{4F420EA8-103A-43E0-96F1-04F618235118}.Sandbox|Any CPU.ActiveCfg = Sandbox|Any CPU
		{4F420EA8-103A-43E0-96F1-04F618235118}.Sandbox|Any CPU.Build.0 = Sandbox|Any CPU
		{D175C4FF-51AC-4622-A11F-3115F56F67B4}.CI|Any CPU.ActiveCfg = Debug|Any CPU
		{D175C4FF-51AC-4622-A11F-3115F56F67B4}.CI|Any CPU.Build.0 = Debug|Any CPU
		{D175C4FF-51AC-4622-A11F-3115F56F67B4}.Debug|Any CPU.ActiveCfg = Debug|Any CPU
		{D175C4FF-51AC-4622-A11F-3115F56F67B4}.Debug|Any CPU.Build.0 = Debug|Any CPU
		{D175C4FF-51AC-4622-A11F-3115F56F67B4}.INT-Single|Any CPU.ActiveCfg = Release|Any CPU
		{D175C4FF-51AC-4622-A11F-3115F56F67B4}.INT-Single|Any CPU.Build.0 = Release|Any CPU
		{D175C4FF-51AC-4622-A11F-3115F56F67B4}.PROD-CD|Any CPU.ActiveCfg = Release|Any CPU
		{D175C4FF-51AC-4622-A11F-3115F56F67B4}.PROD-CD|Any CPU.Build.0 = Release|Any CPU
		{D175C4FF-51AC-4622-A11F-3115F56F67B4}.PROD-CM|Any CPU.ActiveCfg = Release|Any CPU
		{D175C4FF-51AC-4622-A11F-3115F56F67B4}.PROD-CM|Any CPU.Build.0 = Release|Any CPU
		{D175C4FF-51AC-4622-A11F-3115F56F67B4}.PROD-Single|Any CPU.ActiveCfg = Release|Any CPU
		{D175C4FF-51AC-4622-A11F-3115F56F67B4}.PROD-Single|Any CPU.Build.0 = Release|Any CPU
		{D175C4FF-51AC-4622-A11F-3115F56F67B4}.QA-Single|Any CPU.ActiveCfg = Release|Any CPU
		{D175C4FF-51AC-4622-A11F-3115F56F67B4}.QA-Single|Any CPU.Build.0 = Release|Any CPU
		{D175C4FF-51AC-4622-A11F-3115F56F67B4}.Release|Any CPU.ActiveCfg = Release|Any CPU
		{D175C4FF-51AC-4622-A11F-3115F56F67B4}.Release|Any CPU.Build.0 = Release|Any CPU
		{D175C4FF-51AC-4622-A11F-3115F56F67B4}.Sandbox|Any CPU.ActiveCfg = Debug|Any CPU
		{D175C4FF-51AC-4622-A11F-3115F56F67B4}.Sandbox|Any CPU.Build.0 = Debug|Any CPU
		{1B34EE98-808B-4420-92C6-6F0FD5DDCCA2}.CI|Any CPU.ActiveCfg = Debug|Any CPU
		{1B34EE98-808B-4420-92C6-6F0FD5DDCCA2}.CI|Any CPU.Build.0 = Debug|Any CPU
		{1B34EE98-808B-4420-92C6-6F0FD5DDCCA2}.Debug|Any CPU.ActiveCfg = Debug|Any CPU
		{1B34EE98-808B-4420-92C6-6F0FD5DDCCA2}.Debug|Any CPU.Build.0 = Debug|Any CPU
		{1B34EE98-808B-4420-92C6-6F0FD5DDCCA2}.INT-Single|Any CPU.ActiveCfg = Release|Any CPU
		{1B34EE98-808B-4420-92C6-6F0FD5DDCCA2}.INT-Single|Any CPU.Build.0 = Release|Any CPU
		{1B34EE98-808B-4420-92C6-6F0FD5DDCCA2}.PROD-CD|Any CPU.ActiveCfg = Release|Any CPU
		{1B34EE98-808B-4420-92C6-6F0FD5DDCCA2}.PROD-CD|Any CPU.Build.0 = Release|Any CPU
		{1B34EE98-808B-4420-92C6-6F0FD5DDCCA2}.PROD-CM|Any CPU.ActiveCfg = Release|Any CPU
		{1B34EE98-808B-4420-92C6-6F0FD5DDCCA2}.PROD-CM|Any CPU.Build.0 = Release|Any CPU
		{1B34EE98-808B-4420-92C6-6F0FD5DDCCA2}.PROD-Single|Any CPU.ActiveCfg = Release|Any CPU
		{1B34EE98-808B-4420-92C6-6F0FD5DDCCA2}.PROD-Single|Any CPU.Build.0 = Release|Any CPU
		{1B34EE98-808B-4420-92C6-6F0FD5DDCCA2}.QA-Single|Any CPU.ActiveCfg = Release|Any CPU
		{1B34EE98-808B-4420-92C6-6F0FD5DDCCA2}.QA-Single|Any CPU.Build.0 = Release|Any CPU
		{1B34EE98-808B-4420-92C6-6F0FD5DDCCA2}.Release|Any CPU.ActiveCfg = Release|Any CPU
		{1B34EE98-808B-4420-92C6-6F0FD5DDCCA2}.Release|Any CPU.Build.0 = Release|Any CPU
		{1B34EE98-808B-4420-92C6-6F0FD5DDCCA2}.Sandbox|Any CPU.ActiveCfg = Debug|Any CPU
		{1B34EE98-808B-4420-92C6-6F0FD5DDCCA2}.Sandbox|Any CPU.Build.0 = Debug|Any CPU
	EndGlobalSection
	GlobalSection(SolutionProperties) = preSolution
		HideSolutionNode = FALSE
	EndGlobalSection
	GlobalSection(NestedProjects) = preSolution
		{D175C4FF-51AC-4622-A11F-3115F56F67B4} = {266897A5-FCE3-4295-9E0C-EFB7C99CA5B4}
		{1B34EE98-808B-4420-92C6-6F0FD5DDCCA2} = {266897A5-FCE3-4295-9E0C-EFB7C99CA5B4}
	EndGlobalSection
EndGlobal
